<?xml version="1.0" encoding="utf-8"?>
<Project ToolsVersion="4.0" xmlns="http://schemas.microsoft.com/developer/msbuild/2003">
  <ItemGroup>
    <ClCompile Include="src\ofApp.cpp">
      <Filter>src</Filter>
    </ClCompile>
    <ClCompile Include="src\main.cpp">
      <Filter>src</Filter>
    </ClCompile>
    <ClCompile Include="src\main.cpp">
      <Filter>src</Filter>
    </ClCompile>
    <ClCompile Include="src\ofApp.cpp">
      <Filter>src</Filter>
    </ClCompile>
    <ClCompile Include="..\..\..\addons\ofxOsc\src\ofxOscBundle.cpp">
      <Filter>addons\ofxOsc\src</Filter>
    </ClCompile>
    <ClCompile Include="..\..\..\addons\ofxOsc\src\ofxOscMessage.cpp">
      <Filter>addons\ofxOsc\src</Filter>
    </ClCompile>
    <ClCompile Include="..\..\..\addons\ofxOsc\src\ofxOscParameterSync.cpp">
      <Filter>addons\ofxOsc\src</Filter>
    </ClCompile>
    <ClCompile Include="..\..\..\addons\ofxOsc\src\ofxOscReceiver.cpp">
      <Filter>addons\ofxOsc\src</Filter>
    </ClCompile>
    <ClCompile Include="..\..\..\addons\ofxOsc\src\ofxOscSender.cpp">
      <Filter>addons\ofxOsc\src</Filter>
    </ClCompile>
    <ClCompile Include="..\..\..\addons\ofxOsc\libs\oscpack\src\ip\IpEndpointName.cpp">
      <Filter>addons\ofxOsc\libs\oscpack\src\ip</Filter>
    </ClCompile>
    <ClCompile Include="..\..\..\addons\ofxOsc\libs\oscpack\src\ip\posix\NetworkingUtils.cpp">
      <Filter>addons\ofxOsc\libs\oscpack\src\ip\posix</Filter>
    </ClCompile>
    <ClCompile Include="..\..\..\addons\ofxOsc\libs\oscpack\src\ip\posix\UdpSocket.cpp">
      <Filter>addons\ofxOsc\libs\oscpack\src\ip\posix</Filter>
    </ClCompile>
    <ClCompile Include="..\..\..\addons\ofxOsc\libs\oscpack\src\ip\win32\NetworkingUtilsWin.cpp">
      <Filter>addons\ofxOsc\libs\oscpack\src\ip\win32</Filter>
    </ClCompile>
    <ClCompile Include="..\..\..\addons\ofxOsc\libs\oscpack\src\ip\win32\UdpSocketWin.cpp">
      <Filter>addons\ofxOsc\libs\oscpack\src\ip\win32</Filter>
    </ClCompile>
    <ClCompile Include="..\..\..\addons\ofxOsc\libs\oscpack\src\osc\OscOutboundPacketStream.cpp">
      <Filter>addons\ofxOsc\libs\oscpack\src\osc</Filter>
    </ClCompile>
    <ClCompile Include="..\..\..\addons\ofxOsc\libs\oscpack\src\osc\OscPrintReceivedElements.cpp">
      <Filter>addons\ofxOsc\libs\oscpack\src\osc</Filter>
    </ClCompile>
    <ClCompile Include="..\..\..\addons\ofxOsc\libs\oscpack\src\osc\OscReceivedElements.cpp">
      <Filter>addons\ofxOsc\libs\oscpack\src\osc</Filter>
    </ClCompile>
    <ClCompile Include="..\..\..\addons\ofxOsc\libs\oscpack\src\osc\OscTypes.cpp">
      <Filter>addons\ofxOsc\libs\oscpack\src\osc</Filter>
    </ClCompile>
    <ClCompile Include="..\..\..\addons\ofxXmlSettings\src\ofxXmlSettings.cpp">
      <Filter>addons\ofxXmlSettings\src</Filter>
    </ClCompile>
    <ClCompile Include="..\..\..\addons\ofxXmlSettings\libs\tinyxml.cpp">
      <Filter>addons\ofxXmlSettings\libs</Filter>
    </ClCompile>
    <ClCompile Include="..\..\..\addons\ofxXmlSettings\libs\tinyxmlerror.cpp">
      <Filter>addons\ofxXmlSettings\libs</Filter>
    </ClCompile>
    <ClCompile Include="..\..\..\addons\ofxXmlSettings\libs\tinyxmlparser.cpp">
      <Filter>addons\ofxXmlSettings\libs</Filter>
    </ClCompile>
    <ClCompile Include="..\..\..\..\..\Documents\Ressources\SDKs\Spout2SDK\SpoutSDK\Source\SpoutDirectX.cpp">
      <Filter>src</Filter>
    </ClCompile>
    <ClCompile Include="..\..\..\..\..\Documents\Ressources\SDKs\Spout2SDK\SpoutSDK\Source\SpoutGLDXinterop.cpp">
      <Filter>src</Filter>
    </ClCompile>
    <ClCompile Include="..\..\..\..\..\Documents\Ressources\SDKs\Spout2SDK\SpoutSDK\Source\SpoutGLextensions.cpp">
      <Filter>src</Filter>
    </ClCompile>
    <ClCompile Include="..\..\..\..\..\Documents\Ressources\SDKs\Spout2SDK\SpoutSDK\Source\SpoutReceiver.cpp">
      <Filter>src</Filter>
    </ClCompile>
    <ClCompile Include="..\..\..\..\..\Documents\Ressources\SDKs\Spout2SDK\SpoutSDK\Source\SpoutSDK.cpp">
      <Filter>src</Filter>
    </ClCompile>
    <ClCompile Include="..\..\..\..\..\Documents\Ressources\SDKs\Spout2SDK\SpoutSDK\Source\SpoutSender.cpp">
      <Filter>src</Filter>
    </ClCompile>
    <ClCompile Include="..\..\..\..\..\Documents\Ressources\SDKs\Spout2SDK\SpoutSDK\Source\SpoutSenderNames.cpp">
      <Filter>src</Filter>
    </ClCompile>
    <ClCompile Include="src\LedStrip.cpp">
      <Filter>src</Filter>
    </ClCompile>
    <ClCompile Include="src\Led.cpp">
      <Filter>src</Filter>
    </ClCompile>
    <ClCompile Include="src\SpoutManager.cpp">
      <Filter>src</Filter>
    </ClCompile>
    <ClCompile Include="src\GUI.cpp">
      <Filter>src</Filter>
    </ClCompile>
    <ClCompile Include="..\..\..\addons\ofxUI\src\ofxUI2DGraph.cpp">
      <Filter>addons</Filter>
    </ClCompile>
    <ClCompile Include="..\..\..\addons\ofxUI\src\ofxUIWidgetWithLabel.cpp">
      <Filter>addons</Filter>
    </ClCompile>
    <ClCompile Include="..\..\..\addons\ofxUI\src\ofxUIWidget.cpp">
      <Filter>addons</Filter>
    </ClCompile>
    <ClCompile Include="..\..\..\addons\ofxUI\src\ofxUIWaveform.cpp">
      <Filter>addons</Filter>
    </ClCompile>
    <ClCompile Include="..\..\..\addons\ofxUI\src\ofxUIValuePlotter.cpp">
      <Filter>addons</Filter>
    </ClCompile>
    <ClCompile Include="..\..\..\addons\ofxUI\src\ofxUIToggleMatrix.cpp">
      <Filter>addons</Filter>
    </ClCompile>
    <ClCompile Include="..\..\..\addons\ofxUI\src\ofxUIToggle.cpp">
      <Filter>addons</Filter>
    </ClCompile>
    <ClCompile Include="..\..\..\addons\ofxUI\src\ofxUITextInput.cpp">
      <Filter>addons</Filter>
    </ClCompile>
    <ClCompile Include="..\..\..\addons\ofxUI\src\ofxUITextArea.cpp">
      <Filter>addons</Filter>
    </ClCompile>
    <ClCompile Include="..\..\..\addons\ofxUI\src\ofxUITabBar.cpp">
      <Filter>addons</Filter>
    </ClCompile>
    <ClCompile Include="..\..\..\addons\ofxUI\src\ofxUISuperCanvas.cpp">
      <Filter>addons</Filter>
    </ClCompile>
    <ClCompile Include="..\..\..\addons\ofxUI\src\ofxUISpectrum.cpp">
      <Filter>addons</Filter>
    </ClCompile>
    <ClCompile Include="..\..\..\addons\ofxUI\src\ofxUISpacer.cpp">
      <Filter>addons</Filter>
    </ClCompile>
    <ClCompile Include="..\..\..\addons\ofxUI\src\ofxUISortableList.cpp">
      <Filter>addons</Filter>
    </ClCompile>
    <ClCompile Include="..\..\..\addons\ofxUI\src\ofxUISlider.cpp">
      <Filter>addons</Filter>
    </ClCompile>
    <ClCompile Include="..\..\..\addons\ofxUI\src\ofxUIScrollableCanvas.cpp">
      <Filter>addons</Filter>
    </ClCompile>
    <ClCompile Include="..\..\..\addons\ofxUI\src\ofxUIRotarySlider.cpp">
      <Filter>addons</Filter>
    </ClCompile>
    <ClCompile Include="..\..\..\addons\ofxUI\src\ofxUIRectangle.cpp">
      <Filter>addons</Filter>
    </ClCompile>
    <ClCompile Include="..\..\..\addons\ofxUI\src\ofxUIRangeSlider.cpp">
      <Filter>addons</Filter>
    </ClCompile>
    <ClCompile Include="..\..\..\addons\ofxUI\src\ofxUIRadio.cpp">
      <Filter>addons</Filter>
    </ClCompile>
    <ClCompile Include="..\..\..\addons\ofxUI\src\ofxUINumberDialer.cpp">
      <Filter>addons</Filter>
    </ClCompile>
    <ClCompile Include="..\..\..\addons\ofxUI\src\ofxUIMultiImageToggle.cpp">
      <Filter>addons</Filter>
    </ClCompile>
    <ClCompile Include="..\..\..\addons\ofxUI\src\ofxUIMultiImageButton.cpp">
      <Filter>addons</Filter>
    </ClCompile>
    <ClCompile Include="..\..\..\addons\ofxUI\src\ofxUIMovingGraph.cpp">
      <Filter>addons</Filter>
    </ClCompile>
    <ClCompile Include="..\..\..\addons\ofxUI\src\ofxUIMinimalSlider.cpp">
      <Filter>addons</Filter>
    </ClCompile>
    <ClCompile Include="..\..\..\addons\ofxUI\src\ofxUILabelToggle.cpp">
      <Filter>addons</Filter>
    </ClCompile>
    <ClCompile Include="..\..\..\addons\ofxUI\src\ofxUILabelButton.cpp">
      <Filter>addons</Filter>
    </ClCompile>
    <ClCompile Include="..\..\..\addons\ofxUI\src\ofxUILabel.cpp">
      <Filter>addons</Filter>
    </ClCompile>
    <ClCompile Include="..\..\..\addons\ofxUI\src\ofxUIImageToggle.cpp">
      <Filter>addons</Filter>
    </ClCompile>
    <ClCompile Include="..\..\..\addons\ofxUI\src\ofxUIImageSlider.cpp">
      <Filter>addons</Filter>
    </ClCompile>
    <ClCompile Include="..\..\..\addons\ofxUI\src\ofxUIImageSampler.cpp">
      <Filter>addons</Filter>
    </ClCompile>
    <ClCompile Include="..\..\..\addons\ofxUI\src\ofxUIImageButton.cpp">
      <Filter>addons</Filter>
    </ClCompile>
    <ClCompile Include="..\..\..\addons\ofxUI\src\ofxUIImage.cpp">
      <Filter>addons</Filter>
    </ClCompile>
    <ClCompile Include="..\..\..\addons\ofxUI\src\ofxUIFPSSlider.cpp">
      <Filter>addons</Filter>
    </ClCompile>
    <ClCompile Include="..\..\..\addons\ofxUI\src\ofxUIFPS.cpp">
      <Filter>addons</Filter>
    </ClCompile>
    <ClCompile Include="..\..\..\addons\ofxUI\src\ofxUIEventArgs.cpp">
      <Filter>addons</Filter>
    </ClCompile>
    <ClCompile Include="..\..\..\addons\ofxUI\src\ofxUIDropDownList.cpp">
      <Filter>addons</Filter>
    </ClCompile>
    <ClCompile Include="..\..\..\addons\ofxUI\src\ofxUIDragableLabelButton.cpp">
      <Filter>addons</Filter>
    </ClCompile>
    <ClCompile Include="..\..\..\addons\ofxUI\src\ofxUICircleSlider.cpp">
      <Filter>addons</Filter>
    </ClCompile>
    <ClCompile Include="..\..\..\addons\ofxUI\src\ofxUICanvas.cpp">
      <Filter>addons</Filter>
    </ClCompile>
    <ClCompile Include="..\..\..\addons\ofxUI\src\ofxUIButton.cpp">
      <Filter>addons</Filter>
    </ClCompile>
    <ClCompile Include="..\..\..\addons\ofxUI\src\ofxUIBiLabelSlider.cpp">
      <Filter>addons</Filter>
    </ClCompile>
    <ClCompile Include="..\..\..\addons\ofxUI\src\ofxUIBaseDraws.cpp">
      <Filter>addons</Filter>
    </ClCompile>
    <ClCompile Include="..\..\..\addons\ofxUI\src\ofxUI2DPad.cpp">
      <Filter>addons</Filter>
    </ClCompile>
    <ClCompile Include="..\..\..\..\..\Documents\Ressources\SDKs\Spout2SDK\SpoutSDK\Source\SpoutSharedMemory.cpp">
      <Filter>src</Filter>
    </ClCompile>
    <ClCompile Include="..\..\..\..\..\Documents\Ressources\SDKs\Spout2SDK\SpoutSDK\Source\SpoutMemoryShare.cpp">
      <Filter>src</Filter>
    </ClCompile>
    <ClCompile Include="src\Hub.cpp">
      <Filter>src</Filter>
    </ClCompile>
    <ClCompile Include="src\LedManager.cpp">
      <Filter>src</Filter>
    </ClCompile>
    <ClCompile Include="src\ofxTimer.cpp">
      <Filter>src</Filter>
    </ClCompile>
    <ClCompile Include="src\HubPlug.cpp">
      <Filter>src</Filter>
    </ClCompile>
    <ClCompile Include="src\SerialHub.cpp">
      <Filter>src</Filter>
    </ClCompile>
    <ClCompile Include="src\FireflyHub.cpp">
      <Filter>src</Filter>
    </ClCompile>
    <ClCompile Include="..\..\..\addons\ofxNetwork\src\ofxTCPClient.cpp">
      <Filter>addons\ofxNetwork</Filter>
    </ClCompile>
    <ClCompile Include="..\..\..\addons\ofxNetwork\src\ofxTCPManager.cpp">
      <Filter>addons\ofxNetwork</Filter>
    </ClCompile>
    <ClCompile Include="..\..\..\addons\ofxNetwork\src\ofxTCPServer.cpp">
      <Filter>addons\ofxNetwork</Filter>
    </ClCompile>
    <ClCompile Include="..\..\..\addons\ofxNetwork\src\ofxUDPManager.cpp">
      <Filter>addons\ofxNetwork</Filter>
    </ClCompile>
  </ItemGroup>
  <ItemGroup>
    <Filter Include="src">
      <UniqueIdentifier>{d8376475-7454-4a24-b08a-aac121d3ad6f}</UniqueIdentifier>
    </Filter>
    <Filter Include="addons">
      <UniqueIdentifier>{71834F65-F3A9-211E-73B8-DC85}</UniqueIdentifier>
    </Filter>
    <Filter Include="addons\ofxOsc">
      <UniqueIdentifier>{D91DCA33-6E5D-4481-2AEC-9FBB}</UniqueIdentifier>
    </Filter>
    <Filter Include="addons\ofxOsc\src">
      <UniqueIdentifier>{B9DD339A-D93D-92A1-0A2F-4B41}</UniqueIdentifier>
    </Filter>
    <Filter Include="addons\ofxOsc\libs">
      <UniqueIdentifier>{99ECA1D9-873F-4622-8FC0-FC7B}</UniqueIdentifier>
    </Filter>
    <Filter Include="addons\ofxOsc\libs\oscpack">
      <UniqueIdentifier>{D3A98534-1602-4FEF-57A6-6593}</UniqueIdentifier>
    </Filter>
    <Filter Include="addons\ofxOsc\libs\oscpack\src">
      <UniqueIdentifier>{BFB5BB47-98C8-BBCB-3066-1046}</UniqueIdentifier>
    </Filter>
    <Filter Include="addons\ofxOsc\libs\oscpack\src\ip">
      <UniqueIdentifier>{5A029128-EB41-95C5-CBC0-CDED}</UniqueIdentifier>
    </Filter>
    <Filter Include="addons\ofxOsc\libs\oscpack\src\ip\posix">
      <UniqueIdentifier>{354C95CF-A234-0360-C6BC-AF41}</UniqueIdentifier>
    </Filter>
    <Filter Include="addons\ofxOsc\libs\oscpack\src\ip\win32">
      <UniqueIdentifier>{79DFDFE2-400B-8654-3675-01A3}</UniqueIdentifier>
    </Filter>
    <Filter Include="addons\ofxOsc\libs\oscpack\src\osc">
      <UniqueIdentifier>{EDACB89C-9768-9551-4D41-B590}</UniqueIdentifier>
    </Filter>
    <Filter Include="addons\ofxXmlSettings">
      <UniqueIdentifier>{877F005D-13E6-0592-1D97-F2E3}</UniqueIdentifier>
    </Filter>
    <Filter Include="addons\ofxXmlSettings\src">
      <UniqueIdentifier>{CCB2AC63-49D2-977C-CFE8-AEAD}</UniqueIdentifier>
    </Filter>
    <Filter Include="addons\ofxXmlSettings\libs">
      <UniqueIdentifier>{687714A8-1662-FA1C-261F-50F0}</UniqueIdentifier>
    </Filter>
    <Filter Include="addons\ofxNetwork">
      <UniqueIdentifier>{d08d4ae4-3731-4cce-954d-7e9b61a8eb45}</UniqueIdentifier>
    </Filter>
  </ItemGroup>
  <ItemGroup>
    <ClInclude Include="src\ofApp.h">
      <Filter>src</Filter>
    </ClInclude>
    <ClInclude Include="src\ofApp.h">
      <Filter>src</Filter>
    </ClInclude>
    <ClInclude Include="..\..\..\addons\ofxOsc\src\ofxOsc.h">
      <Filter>addons\ofxOsc\src</Filter>
    </ClInclude>
    <ClInclude Include="..\..\..\addons\ofxOsc\src\ofxOscArg.h">
      <Filter>addons\ofxOsc\src</Filter>
    </ClInclude>
    <ClInclude Include="..\..\..\addons\ofxOsc\src\ofxOscBundle.h">
      <Filter>addons\ofxOsc\src</Filter>
    </ClInclude>
    <ClInclude Include="..\..\..\addons\ofxOsc\src\ofxOscMessage.h">
      <Filter>addons\ofxOsc\src</Filter>
    </ClInclude>
    <ClInclude Include="..\..\..\addons\ofxOsc\src\ofxOscParameterSync.h">
      <Filter>addons\ofxOsc\src</Filter>
    </ClInclude>
    <ClInclude Include="..\..\..\addons\ofxOsc\src\ofxOscReceiver.h">
      <Filter>addons\ofxOsc\src</Filter>
    </ClInclude>
    <ClInclude Include="..\..\..\addons\ofxOsc\src\ofxOscSender.h">
      <Filter>addons\ofxOsc\src</Filter>
    </ClInclude>
    <ClInclude Include="..\..\..\addons\ofxOsc\libs\oscpack\src\ip\IpEndpointName.h">
      <Filter>addons\ofxOsc\libs\oscpack\src\ip</Filter>
    </ClInclude>
    <ClInclude Include="..\..\..\addons\ofxOsc\libs\oscpack\src\ip\NetworkingUtils.h">
      <Filter>addons\ofxOsc\libs\oscpack\src\ip</Filter>
    </ClInclude>
    <ClInclude Include="..\..\..\addons\ofxOsc\libs\oscpack\src\ip\PacketListener.h">
      <Filter>addons\ofxOsc\libs\oscpack\src\ip</Filter>
    </ClInclude>
    <ClInclude Include="..\..\..\addons\ofxOsc\libs\oscpack\src\ip\TimerListener.h">
      <Filter>addons\ofxOsc\libs\oscpack\src\ip</Filter>
    </ClInclude>
    <ClInclude Include="..\..\..\addons\ofxOsc\libs\oscpack\src\ip\UdpSocket.h">
      <Filter>addons\ofxOsc\libs\oscpack\src\ip</Filter>
    </ClInclude>
    <ClInclude Include="..\..\..\addons\ofxOsc\libs\oscpack\src\osc\MessageMappingOscPacketListener.h">
      <Filter>addons\ofxOsc\libs\oscpack\src\osc</Filter>
    </ClInclude>
    <ClInclude Include="..\..\..\addons\ofxOsc\libs\oscpack\src\osc\OscException.h">
      <Filter>addons\ofxOsc\libs\oscpack\src\osc</Filter>
    </ClInclude>
    <ClInclude Include="..\..\..\addons\ofxOsc\libs\oscpack\src\osc\OscHostEndianness.h">
      <Filter>addons\ofxOsc\libs\oscpack\src\osc</Filter>
    </ClInclude>
    <ClInclude Include="..\..\..\addons\ofxOsc\libs\oscpack\src\osc\OscOutboundPacketStream.h">
      <Filter>addons\ofxOsc\libs\oscpack\src\osc</Filter>
    </ClInclude>
    <ClInclude Include="..\..\..\addons\ofxOsc\libs\oscpack\src\osc\OscPacketListener.h">
      <Filter>addons\ofxOsc\libs\oscpack\src\osc</Filter>
    </ClInclude>
    <ClInclude Include="..\..\..\addons\ofxOsc\libs\oscpack\src\osc\OscPrintReceivedElements.h">
      <Filter>addons\ofxOsc\libs\oscpack\src\osc</Filter>
    </ClInclude>
    <ClInclude Include="..\..\..\addons\ofxOsc\libs\oscpack\src\osc\OscReceivedElements.h">
      <Filter>addons\ofxOsc\libs\oscpack\src\osc</Filter>
    </ClInclude>
    <ClInclude Include="..\..\..\addons\ofxOsc\libs\oscpack\src\osc\OscTypes.h">
      <Filter>addons\ofxOsc\libs\oscpack\src\osc</Filter>
    </ClInclude>
    <ClInclude Include="..\..\..\addons\ofxXmlSettings\src\ofxXmlSettings.h">
      <Filter>addons\ofxXmlSettings\src</Filter>
    </ClInclude>
    <ClInclude Include="..\..\..\addons\ofxXmlSettings\libs\tinyxml.h">
      <Filter>addons\ofxXmlSettings\libs</Filter>
    </ClInclude>
    <ClInclude Include="src\LedStrip.h">
      <Filter>src</Filter>
    </ClInclude>
    <ClInclude Include="src\Led.h">
      <Filter>src</Filter>
    </ClInclude>
    <ClInclude Include="src\SpoutManager.h">
      <Filter>src</Filter>
    </ClInclude>
    <ClInclude Include="src\GUI.h">
      <Filter>src</Filter>
    </ClInclude>
    <ClInclude Include="src\Hub.h">
      <Filter>src</Filter>
    </ClInclude>
    <ClInclude Include="src\LedManager.h">
      <Filter>src</Filter>
    </ClInclude>
    <ClInclude Include="src\ofxTimer.h">
      <Filter>src</Filter>
    </ClInclude>
    <ClInclude Include="src\HubPlug.h">
      <Filter>src</Filter>
    </ClInclude>
    <ClInclude Include="src\SerialHub.h">
      <Filter>src</Filter>
    </ClInclude>
    <ClInclude Include="src\FireflyHub.h">
      <Filter>src</Filter>
    </ClInclude>
  </ItemGroup>
  <ItemGroup>
    <ResourceCompile Include="icon.rc" />
  </ItemGroup>
  <ItemGroup>
    <None Include="ClassDiagram.cd" />
  </ItemGroup>
</Project>